
Microsoft Visual Studio Solution File, Format Version 12.00
# Visual Studio Version 16
VisualStudioVersion = 16.0.29613.14
MinimumVisualStudioVersion = 10.0.40219.1
Project("{9A19103F-16F7-4668-BE54-9A1E7A4F7556}") = "TeamStatusFunctions", "TeamStatusFunctions\TeamStatusFunctions.csproj", "{BF9F0C3D-BE7F-4AFF-8D90-BD61BBB10D7C}"
EndProject
Project("{9A19103F-16F7-4668-BE54-9A1E7A4F7556}") = "TeamStatusTest", "TeamStatusTest\TeamStatusTest.csproj", "{E3885815-202F-4BEC-9995-DE81EB960E2F}"
EndProject
Project("{8BC9CEB8-8B4A-11D0-8D11-00A0C91BC942}") = "TeamStatusUmbrellaGlobe", "TeamStatusUmbrellaGlobe\TeamStatusUmbrellaGlobe.vcxproj", "{C5F80730-F44F-4478-BDAE-6634EFC2CA88}"
EndProject
Global
	GlobalSection(SolutionConfigurationPlatforms) = preSolution
		Debug|Any CPU = Debug|Any CPU
		Debug|x86 = Debug|x86
		Release|Any CPU = Release|Any CPU
		Release|x86 = Release|x86
	EndGlobalSection
	GlobalSection(ProjectConfigurationPlatforms) = postSolution
		{BF9F0C3D-BE7F-4AFF-8D90-BD61BBB10D7C}.Debug|Any CPU.ActiveCfg = Debug|Any CPU
		{BF9F0C3D-BE7F-4AFF-8D90-BD61BBB10D7C}.Debug|Any CPU.Build.0 = Debug|Any CPU
		{BF9F0C3D-BE7F-4AFF-8D90-BD61BBB10D7C}.Debug|x86.ActiveCfg = Debug|Any CPU
		{BF9F0C3D-BE7F-4AFF-8D90-BD61BBB10D7C}.Debug|x86.Build.0 = Debug|Any CPU
		{BF9F0C3D-BE7F-4AFF-8D90-BD61BBB10D7C}.Release|Any CPU.ActiveCfg = Release|Any CPU
		{BF9F0C3D-BE7F-4AFF-8D90-BD61BBB10D7C}.Release|Any CPU.Build.0 = Release|Any CPU
		{BF9F0C3D-BE7F-4AFF-8D90-BD61BBB10D7C}.Release|x86.ActiveCfg = Release|Any CPU
		{BF9F0C3D-BE7F-4AFF-8D90-BD61BBB10D7C}.Release|x86.Build.0 = Release|Any CPU
		{E3885815-202F-4BEC-9995-DE81EB960E2F}.Debug|Any CPU.ActiveCfg = Debug|Any CPU
		{E3885815-202F-4BEC-9995-DE81EB960E2F}.Debug|Any CPU.Build.0 = Debug|Any CPU
		{E3885815-202F-4BEC-9995-DE81EB960E2F}.Debug|x86.ActiveCfg = Debug|Any CPU
		{E3885815-202F-4BEC-9995-DE81EB960E2F}.Debug|x86.Build.0 = Debug|Any CPU
		{E3885815-202F-4BEC-9995-DE81EB960E2F}.Release|Any CPU.ActiveCfg = Release|Any CPU
		{E3885815-202F-4BEC-9995-DE81EB960E2F}.Release|Any CPU.Build.0 = Release|Any CPU
		{E3885815-202F-4BEC-9995-DE81EB960E2F}.Release|x86.ActiveCfg = Release|Any CPU
		{E3885815-202F-4BEC-9995-DE81EB960E2F}.Release|x86.Build.0 = Release|Any CPU
		{C5F80730-F44F-4478-BDAE-6634EFC2CA88}.Debug|Any CPU.ActiveCfg = Debug|Win32
		{C5F80730-F44F-4478-BDAE-6634EFC2CA88}.Debug|x86.ActiveCfg = Debug|Win32
		{C5F80730-F44F-4478-BDAE-6634EFC2CA88}.Debug|x86.Build.0 = Debug|Win32
		{C5F80730-F44F-4478-BDAE-6634EFC2CA88}.Release|Any CPU.ActiveCfg = Release|Win32
		{C5F80730-F44F-4478-BDAE-6634EFC2CA88}.Release|x86.ActiveCfg = Release|Win32
		{C5F80730-F44F-4478-BDAE-6634EFC2CA88}.Release|x86.Build.0 = Release|Win32
	EndGlobalSection
	GlobalSection(SolutionProperties) = preSolution
		HideSolutionNode = FALSE
	EndGlobalSection
	GlobalSection(ExtensibilityGlobals) = postSolution
		SolutionGuid = {B4D60F5E-701D-4F78-AB90-7322B95FF420}
	EndGlobalSection
EndGlobal
